
Microsoft Visual Studio Solution File, Format Version 12.00
# Visual Studio Version 17
VisualStudioVersion = 17.1.32328.378
MinimumVisualStudioVersion = 10.0.40219.1
Project("{8BC9CEB8-8B4A-11D0-8D11-00A0C91BC942}") = "Inheritance", "Inheritance\Inheritance.vcxproj", "{606D6060-9D90-4FEA-A1C0-7EF95436F4F4}"
EndProject
Project("{8BC9CEB8-8B4A-11D0-8D11-00A0C91BC942}") = "Academy", "Academy\Academy.vcxproj", "{80BB0F77-1DA2-402E-A9DD-1237C30C92A8}"
EndProject
Project("{8BC9CEB8-8B4A-11D0-8D11-00A0C91BC942}") = "Homework 1", "Homework 1\Homework 1.vcxproj", "{6C8BA79E-F335-4534-94FD-8E9D028E8F5C}"
EndProject
Global
	GlobalSection(SolutionConfigurationPlatforms) = preSolution
		Debug|x64 = Debug|x64
		Debug|x86 = Debug|x86
		Release|x64 = Release|x64
		Release|x86 = Release|x86
	EndGlobalSection
	GlobalSection(ProjectConfigurationPlatforms) = postSolution
		{606D6060-9D90-4FEA-A1C0-7EF95436F4F4}.Debug|x64.ActiveCfg = Debug|x64
		{606D6060-9D90-4FEA-A1C0-7EF95436F4F4}.Debug|x64.Build.0 = Debug|x64
		{606D6060-9D90-4FEA-A1C0-7EF95436F4F4}.Debug|x86.ActiveCfg = Debug|Win32
		{606D6060-9D90-4FEA-A1C0-7EF95436F4F4}.Debug|x86.Build.0 = Debug|Win32
		{606D6060-9D90-4FEA-A1C0-7EF95436F4F4}.Release|x64.ActiveCfg = Release|x64
		{606D6060-9D90-4FEA-A1C0-7EF95436F4F4}.Release|x64.Build.0 = Release|x64
		{606D6060-9D90-4FEA-A1C0-7EF95436F4F4}.Release|x86.ActiveCfg = Release|Win32
		{606D6060-9D90-4FEA-A1C0-7EF95436F4F4}.Release|x86.Build.0 = Release|Win32
		{80BB0F77-1DA2-402E-A9DD-1237C30C92A8}.Debug|x64.ActiveCfg = Debug|x64
		{80BB0F77-1DA2-402E-A9DD-1237C30C92A8}.Debug|x64.Build.0 = Debug|x64
		{80BB0F77-1DA2-402E-A9DD-1237C30C92A8}.Debug|x86.ActiveCfg = Debug|Win32
		{80BB0F77-1DA2-402E-A9DD-1237C30C92A8}.Debug|x86.Build.0 = Debug|Win32
		{80BB0F77-1DA2-402E-A9DD-1237C30C92A8}.Release|x64.ActiveCfg = Release|x64
		{80BB0F77-1DA2-402E-A9DD-1237C30C92A8}.Release|x64.Build.0 = Release|x64
		{80BB0F77-1DA2-402E-A9DD-1237C30C92A8}.Release|x86.ActiveCfg = Release|Win32
		{80BB0F77-1DA2-402E-A9DD-1237C30C92A8}.Release|x86.Build.0 = Release|Win32
		{6C8BA79E-F335-4534-94FD-8E9D028E8F5C}.Debug|x64.ActiveCfg = Debug|x64
		{6C8BA79E-F335-4534-94FD-8E9D028E8F5C}.Debug|x64.Build.0 = Debug|x64
		{6C8BA79E-F335-4534-94FD-8E9D028E8F5C}.Debug|x86.ActiveCfg = Debug|Win32
		{6C8BA79E-F335-4534-94FD-8E9D028E8F5C}.Debug|x86.Build.0 = Debug|Win32
		{6C8BA79E-F335-4534-94FD-8E9D028E8F5C}.Release|x64.ActiveCfg = Release|x64
		{6C8BA79E-F335-4534-94FD-8E9D028E8F5C}.Release|x64.Build.0 = Release|x64
		{6C8BA79E-F335-4534-94FD-8E9D028E8F5C}.Release|x86.ActiveCfg = Release|Win32
		{6C8BA79E-F335-4534-94FD-8E9D028E8F5C}.Release|x86.Build.0 = Release|Win32
	EndGlobalSection
	GlobalSection(SolutionProperties) = preSolution
		HideSolutionNode = FALSE
	EndGlobalSection
	GlobalSection(ExtensibilityGlobals) = postSolution
		SolutionGuid = {5160E9C8-4209-475E-88A7-5373491F15E5}
	EndGlobalSection
EndGlobal
